
Microsoft Visual Studio Solution File, Format Version 12.00
# Visual Studio Version 17
VisualStudioVersion = 17.14.37502.11 d17.14
MinimumVisualStudioVersion = 10.0.40219.1
Project("{FAE04EC0-301F-11D3-BF4B-00C04F79EFBC}") = "day09", "day09.csproj", "{ED7D0EFC-BAD8-4D28-9F86-7AB50053FB67}"
EndProject
Global
	GlobalSection(SolutionConfigurationPlatforms) = preSolution
		Debug|Any CPU = Debug|Any CPU
		Release|Any CPU = Release|Any CPU
	EndGlobalSection
	GlobalSection(ProjectConfigurationPlatforms) = postSolution
		{ED7D0EFC-BAD8-4D28-9F86-7AB50053FB67}.Debug|Any CPU.ActiveCfg = Debug|Any CPU
		{ED7D0EFC-BAD8-4D28-9F86-7AB50053FB67}.Debug|Any CPU.Build.0 = Debug|Any CPU
		{ED7D0EFC-BAD8-4D28-9F86-7AB50053FB67}.Release|Any CPU.ActiveCfg = Release|Any CPU
		{ED7D0EFC-BAD8-4D28-9F86-7AB50053FB67}.Release|Any CPU.Build.0 = Release|Any CPU
	EndGlobalSection
	GlobalSection(SolutionProperties) = preSolution
		HideSolutionNode = FALSE
	EndGlobalSection
	GlobalSection(ExtensibilityGlobals) = postSolution
		SolutionGuid = {1F83587C-F8C1-4A58-881E-8C37D54E7C7A}
	EndGlobalSection
EndGlobal
